
Microsoft Visual Studio Solution File, Format Version 12.00
# Visual Studio Version 17
VisualStudioVersion = 17.9.34616.47
MinimumVisualStudioVersion = 10.0.40219.1
Project("{FAE04EC0-301F-11D3-BF4B-00C04F79EFBC}") = "MasterPageTheory4", "MasterPageTheory4.csproj", "{139BEBF1-D6E6-405B-8E8A-BB0374CDA58A}"
EndProject
Global
	GlobalSection(SolutionConfigurationPlatforms) = preSolution
		Debug|Any CPU = Debug|Any CPU
		Release|Any CPU = Release|Any CPU
	EndGlobalSection
	GlobalSection(ProjectConfigurationPlatforms) = postSolution
		{139BEBF1-D6E6-405B-8E8A-BB0374CDA58A}.Debug|Any CPU.ActiveCfg = Debug|Any CPU
		{139BEBF1-D6E6-405B-8E8A-BB0374CDA58A}.Debug|Any CPU.Build.0 = Debug|Any CPU
		{139BEBF1-D6E6-405B-8E8A-BB0374CDA58A}.Release|Any CPU.ActiveCfg = Release|Any CPU
		{139BEBF1-D6E6-405B-8E8A-BB0374CDA58A}.Release|Any CPU.Build.0 = Release|Any CPU
	EndGlobalSection
	GlobalSection(SolutionProperties) = preSolution
		HideSolutionNode = FALSE
	EndGlobalSection
	GlobalSection(ExtensibilityGlobals) = postSolution
		SolutionGuid = {0BA1BBEA-9D1C-401C-AABB-BA41CCF40BFE}
	EndGlobalSection
EndGlobal
